#STM32CubeMX configuration file for STM32F401CCU6
#Generated for CubeSat 1U Project

Project.Name=CubeSat-1U
Project.Type=CMake
Project.TargetToolchain=STM32CubeIDE
Project.McuFamily=STM32F4
Project.McuName=STM32F401CCUx

#Clock Configuration
RCC.HSE_VALUE=8000000
RCC.SYSCLKSource=RCC_SYSCLKSOURCE_PLLCLK
RCC.PLLSource=RCC_PLLSOURCE_HSE
RCC.PLLM=8
RCC.PLLN=336
RCC.PLLP=RCC_PLLP_DIV2
RCC.SYSCLK=84000000
RCC.HCLK=84000000
RCC.PCLK1=42000000
RCC.PCLK2=84000000

#Peripheral Configuration
I2C1.Mode=I2C
I2C1.IPParameters=Timing
I2C1.Timing=0x2000090E

SPI1.Mode=SPI
SPI1.Direction=SPI_DIRECTION_2LINES
SPI1.DataSize=SPI_DATASIZE_8BIT
SPI1.CLKPolarity=SPI_POLARITY_LOW
SPI1.CLKPhase=SPI_PHASE_1EDGE
SPI1.BaudRatePrescaler=SPI_BAUDRATEPRESCALER_16

USART1.Mode=Asynchronous
USART1.BaudRate=115200
USART1.WordLength=UART_WORDLENGTH_8B
USART1.StopBits=UART_STOPBITS_1
USART1.Parity=UART_PARITY_NONE

USART2.Mode=Asynchronous
USART2.BaudRate=115200
USART2.WordLength=UART_WORDLENGTH_8B
USART2.StopBits=UART_STOPBITS_1
USART2.Parity=UART_PARITY_NONE

ADC1.Mode=Continuous
ADC1.Resolution=ADC_RESOLUTION_12B
ADC1.ScanConvMode=DISABLE

IWDG.IPParameters=Prescaler,Reload
IWDG.Prescaler=IWDG_PRESCALER_64
IWDG.Reload=4095

#Pin Configuration
PA2.GPIO_Label=USART2_TX
PA3.GPIO_Label=USART2_RX
PA9.GPIO_Label=USART1_TX
PA10.GPIO_Label=USART1_RX
PB6.GPIO_Label=I2C1_SCL
PB7.GPIO_Label=I2C1_SDA
PA5.GPIO_Label=SPI1_SCK
PA6.GPIO_Label=SPI1_MISO
PA7.GPIO_Label=SPI1_MOSI
PB0.GPIO_Label=ADC_INPUT
PA0.GPIO_Label=RADIATION_INPUT
PC13.GPIO_Label=LED

#Middleware Configuration
FREERTOS.Mode=Enable
FREERTOS.IPParameters=Tasks
FREERTOS.Tasks=defaultTask,64,256,SensorTask,As,128,256,RadiationTask,As,128,256,CommTask,As,64,256,WatchdogTask